
Microsoft Visual Studio Solution File, Format Version 12.00
# Visual Studio Version 16
VisualStudioVersion = 16.0.31729.503
MinimumVisualStudioVersion = 10.0.40219.1
Project("{9A19103F-16F7-4668-BE54-9A1E7A4F7556}") = "101CSharpByExempleTest", "101CSharpByExempleTest\101CSharpByExempleTest.csproj", "{C558ADB9-0B6D-42AC-979B-7198C72FF340}"
EndProject
Project("{9A19103F-16F7-4668-BE54-9A1E7A4F7556}") = "101CSharpByExemple", "101CSharpByExemple\101CSharpByExemple.csproj", "{8B485D6E-3344-4580-B058-7A87479D1148}"
EndProject
Global
	GlobalSection(SolutionConfigurationPlatforms) = preSolution
		Debug|Any CPU = Debug|Any CPU
		Release|Any CPU = Release|Any CPU
	EndGlobalSection
	GlobalSection(ProjectConfigurationPlatforms) = postSolution
		{C558ADB9-0B6D-42AC-979B-7198C72FF340}.Debug|Any CPU.ActiveCfg = Debug|Any CPU
		{C558ADB9-0B6D-42AC-979B-7198C72FF340}.Debug|Any CPU.Build.0 = Debug|Any CPU
		{C558ADB9-0B6D-42AC-979B-7198C72FF340}.Release|Any CPU.ActiveCfg = Release|Any CPU
		{C558ADB9-0B6D-42AC-979B-7198C72FF340}.Release|Any CPU.Build.0 = Release|Any CPU
		{8B485D6E-3344-4580-B058-7A87479D1148}.Debug|Any CPU.ActiveCfg = Debug|Any CPU
		{8B485D6E-3344-4580-B058-7A87479D1148}.Debug|Any CPU.Build.0 = Debug|Any CPU
		{8B485D6E-3344-4580-B058-7A87479D1148}.Release|Any CPU.ActiveCfg = Release|Any CPU
		{8B485D6E-3344-4580-B058-7A87479D1148}.Release|Any CPU.Build.0 = Release|Any CPU
	EndGlobalSection
	GlobalSection(SolutionProperties) = preSolution
		HideSolutionNode = FALSE
	EndGlobalSection
	GlobalSection(ExtensibilityGlobals) = postSolution
		SolutionGuid = {7B213648-C6FA-45F6-8BC7-AB7CB0C64716}
	EndGlobalSection
EndGlobal
